
Microsoft Visual Studio Solution File, Format Version 12.00
# Visual Studio 15
Project("{FAE04EC0-301F-11D3-BF4B-00C04F79EFBC}") = "Assembly-CSharp", "Assembly-CSharp.csproj", "{F3653A7E-CEB3-9B98-B2A8-EF986A2A8D1A}"
EndProject
Project("{FAE04EC0-301F-11D3-BF4B-00C04F79EFBC}") = "CFXRDemo", "CFXRDemo.csproj", "{C8F45507-9FBC-9B6F-FC6E-19E1D9D7DE65}"
EndProject
Project("{FAE04EC0-301F-11D3-BF4B-00C04F79EFBC}") = "CFXRRuntime", "CFXRRuntime.csproj", "{08D4F358-41CA-B597-3CF7-9CB20AACE2D7}"
EndProject
Project("{FAE04EC0-301F-11D3-BF4B-00C04F79EFBC}") = "KinoBloom.Runtime", "KinoBloom.Runtime.csproj", "{119D8C20-1AA7-5997-1577-ED2EC6C59672}"
EndProject
Project("{FAE04EC0-301F-11D3-BF4B-00C04F79EFBC}") = "CFXREditor", "CFXREditor.csproj", "{43E1956B-5725-5F5F-436A-09F882629D3A}"
EndProject
Project("{FAE04EC0-301F-11D3-BF4B-00C04F79EFBC}") = "CFXR.WelcomeScreen", "CFXR.WelcomeScreen.csproj", "{E839E3A8-FB85-3E0E-5FE3-41716845B1E1}"
EndProject
Project("{FAE04EC0-301F-11D3-BF4B-00C04F79EFBC}") = "ToonyColorsPro.Demo.Editor", "ToonyColorsPro.Demo.Editor.csproj", "{157CE36A-6039-934F-C200-DEC113FF276C}"
EndProject
Global
	GlobalSection(SolutionConfigurationPlatforms) = preSolution
		Debug|Any CPU = Debug|Any CPU
		Release|Any CPU = Release|Any CPU
	EndGlobalSection
	GlobalSection(ProjectConfigurationPlatforms) = postSolution
		{F3653A7E-CEB3-9B98-B2A8-EF986A2A8D1A}.Debug|Any CPU.ActiveCfg = Debug|Any CPU
		{F3653A7E-CEB3-9B98-B2A8-EF986A2A8D1A}.Debug|Any CPU.Build.0 = Debug|Any CPU
		{F3653A7E-CEB3-9B98-B2A8-EF986A2A8D1A}.Release|Any CPU.ActiveCfg = Release|Any CPU
		{F3653A7E-CEB3-9B98-B2A8-EF986A2A8D1A}.Release|Any CPU.Build.0 = Release|Any CPU
		{C8F45507-9FBC-9B6F-FC6E-19E1D9D7DE65}.Debug|Any CPU.ActiveCfg = Debug|Any CPU
		{C8F45507-9FBC-9B6F-FC6E-19E1D9D7DE65}.Debug|Any CPU.Build.0 = Debug|Any CPU
		{C8F45507-9FBC-9B6F-FC6E-19E1D9D7DE65}.Release|Any CPU.ActiveCfg = Release|Any CPU
		{C8F45507-9FBC-9B6F-FC6E-19E1D9D7DE65}.Release|Any CPU.Build.0 = Release|Any CPU
		{08D4F358-41CA-B597-3CF7-9CB20AACE2D7}.Debug|Any CPU.ActiveCfg = Debug|Any CPU
		{08D4F358-41CA-B597-3CF7-9CB20AACE2D7}.Debug|Any CPU.Build.0 = Debug|Any CPU
		{08D4F358-41CA-B597-3CF7-9CB20AACE2D7}.Release|Any CPU.ActiveCfg = Release|Any CPU
		{08D4F358-41CA-B597-3CF7-9CB20AACE2D7}.Release|Any CPU.Build.0 = Release|Any CPU
		{119D8C20-1AA7-5997-1577-ED2EC6C59672}.Debug|Any CPU.ActiveCfg = Debug|Any CPU
		{119D8C20-1AA7-5997-1577-ED2EC6C59672}.Debug|Any CPU.Build.0 = Debug|Any CPU
		{119D8C20-1AA7-5997-1577-ED2EC6C59672}.Release|Any CPU.ActiveCfg = Release|Any CPU
		{119D8C20-1AA7-5997-1577-ED2EC6C59672}.Release|Any CPU.Build.0 = Release|Any CPU
		{43E1956B-5725-5F5F-436A-09F882629D3A}.Debug|Any CPU.ActiveCfg = Debug|Any CPU
		{43E1956B-5725-5F5F-436A-09F882629D3A}.Debug|Any CPU.Build.0 = Debug|Any CPU
		{43E1956B-5725-5F5F-436A-09F882629D3A}.Release|Any CPU.ActiveCfg = Release|Any CPU
		{43E1956B-5725-5F5F-436A-09F882629D3A}.Release|Any CPU.Build.0 = Release|Any CPU
		{E839E3A8-FB85-3E0E-5FE3-41716845B1E1}.Debug|Any CPU.ActiveCfg = Debug|Any CPU
		{E839E3A8-FB85-3E0E-5FE3-41716845B1E1}.Debug|Any CPU.Build.0 = Debug|Any CPU
		{E839E3A8-FB85-3E0E-5FE3-41716845B1E1}.Release|Any CPU.ActiveCfg = Release|Any CPU
		{E839E3A8-FB85-3E0E-5FE3-41716845B1E1}.Release|Any CPU.Build.0 = Release|Any CPU
		{157CE36A-6039-934F-C200-DEC113FF276C}.Debug|Any CPU.ActiveCfg = Debug|Any CPU
		{157CE36A-6039-934F-C200-DEC113FF276C}.Debug|Any CPU.Build.0 = Debug|Any CPU
		{157CE36A-6039-934F-C200-DEC113FF276C}.Release|Any CPU.ActiveCfg = Release|Any CPU
		{157CE36A-6039-934F-C200-DEC113FF276C}.Release|Any CPU.Build.0 = Release|Any CPU
	EndGlobalSection
	GlobalSection(SolutionProperties) = preSolution
		HideSolutionNode = FALSE
	EndGlobalSection
EndGlobal
